
Microsoft Visual Studio Solution File, Format Version 12.00
# Visual Studio 15
VisualStudioVersion = 15.0.28307.168
MinimumVisualStudioVersion = 10.0.40219.1
Project("{FAE04EC0-301F-11D3-BF4B-00C04F79EFBC}") = "SmallEshop.Web", "SmallEshop.Web\SmallEshop.Web.csproj", "{6DC6659A-EAAA-4599-9E9C-3C340839B27E}"
EndProject
Project("{FAE04EC0-301F-11D3-BF4B-00C04F79EFBC}") = "SmallEshop.Core", "SmallEshop.Core\SmallEshop.Core.csproj", "{7A264D90-4174-4DED-9B1C-9393E83E8146}"
EndProject
Project("{FAE04EC0-301F-11D3-BF4B-00C04F79EFBC}") = "SmallEshop.Infrastructure", "SmallEshop.Infrastructure\SmallEshop.Infrastructure.csproj", "{91D6B47E-5660-4B0F-B28C-A32A47D43270}"
EndProject
Global
	GlobalSection(SolutionConfigurationPlatforms) = preSolution
		Debug|Any CPU = Debug|Any CPU
		Release|Any CPU = Release|Any CPU
	EndGlobalSection
	GlobalSection(ProjectConfigurationPlatforms) = postSolution
		{6DC6659A-EAAA-4599-9E9C-3C340839B27E}.Debug|Any CPU.ActiveCfg = Debug|Any CPU
		{6DC6659A-EAAA-4599-9E9C-3C340839B27E}.Debug|Any CPU.Build.0 = Debug|Any CPU
		{6DC6659A-EAAA-4599-9E9C-3C340839B27E}.Release|Any CPU.ActiveCfg = Release|Any CPU
		{6DC6659A-EAAA-4599-9E9C-3C340839B27E}.Release|Any CPU.Build.0 = Release|Any CPU
		{7A264D90-4174-4DED-9B1C-9393E83E8146}.Debug|Any CPU.ActiveCfg = Debug|Any CPU
		{7A264D90-4174-4DED-9B1C-9393E83E8146}.Debug|Any CPU.Build.0 = Debug|Any CPU
		{7A264D90-4174-4DED-9B1C-9393E83E8146}.Release|Any CPU.ActiveCfg = Release|Any CPU
		{7A264D90-4174-4DED-9B1C-9393E83E8146}.Release|Any CPU.Build.0 = Release|Any CPU
		{91D6B47E-5660-4B0F-B28C-A32A47D43270}.Debug|Any CPU.ActiveCfg = Debug|Any CPU
		{91D6B47E-5660-4B0F-B28C-A32A47D43270}.Debug|Any CPU.Build.0 = Debug|Any CPU
		{91D6B47E-5660-4B0F-B28C-A32A47D43270}.Release|Any CPU.ActiveCfg = Release|Any CPU
		{91D6B47E-5660-4B0F-B28C-A32A47D43270}.Release|Any CPU.Build.0 = Release|Any CPU
	EndGlobalSection
	GlobalSection(SolutionProperties) = preSolution
		HideSolutionNode = FALSE
	EndGlobalSection
	GlobalSection(ExtensibilityGlobals) = postSolution
		SolutionGuid = {60CCD7A9-4FB1-455B-B0EF-06F1F57A687A}
	EndGlobalSection
EndGlobal
